
Microsoft Visual Studio Solution File, Format Version 12.00
# Visual Studio Version 17
VisualStudioVersion = 17.9.34622.214
MinimumVisualStudioVersion = 10.0.40219.1
Project("{9A19103F-16F7-4668-BE54-9A1E7A4F7556}") = "PowerliftingCompareResult", "PowerliftingCompareResult.csproj", "{1B39F31F-5F1B-43B5-9B48-3BC807726EBB}"
EndProject
Global
	GlobalSection(SolutionConfigurationPlatforms) = preSolution
		Debug|Any CPU = Debug|Any CPU
		Release|Any CPU = Release|Any CPU
	EndGlobalSection
	GlobalSection(ProjectConfigurationPlatforms) = postSolution
		{1B39F31F-5F1B-43B5-9B48-3BC807726EBB}.Debug|Any CPU.ActiveCfg = Debug|Any CPU
		{1B39F31F-5F1B-43B5-9B48-3BC807726EBB}.Debug|Any CPU.Build.0 = Debug|Any CPU
		{1B39F31F-5F1B-43B5-9B48-3BC807726EBB}.Release|Any CPU.ActiveCfg = Release|Any CPU
		{1B39F31F-5F1B-43B5-9B48-3BC807726EBB}.Release|Any CPU.Build.0 = Release|Any CPU
	EndGlobalSection
	GlobalSection(SolutionProperties) = preSolution
		HideSolutionNode = FALSE
	EndGlobalSection
	GlobalSection(ExtensibilityGlobals) = postSolution
		SolutionGuid = {FAF8974E-D493-4A9E-9670-2F98FEE02A1D}
	EndGlobalSection
EndGlobal
